
Microsoft Visual Studio Solution File, Format Version 12.00
# Visual Studio 15
VisualStudioVersion = 15.0.27004.2008
MinimumVisualStudioVersion = 10.0.40219.1
Project("{8BC9CEB8-8B4A-11D0-8D11-00A0C91BC942}") = "MyApplication", "Application\MyApplication\MyApplication.vcxproj", "{05C5A866-7FF4-46A1-85B2-FC5987E5D66D}"
EndProject
Project("{2150E333-8FDC-42A3-9474-1A3956D46DE8}") = "Application", "Application", "{BCD18EC3-1C7E-459D-995F-E5AD9B43F216}"
EndProject
Project("{2150E333-8FDC-42A3-9474-1A3956D46DE8}") = "Engine", "Engine", "{55DB55CB-645F-4D53-AD2F-052527AC93EA}"
EndProject
Project("{8BC9CEB8-8B4A-11D0-8D11-00A0C91BC942}") = "UnitTest", "Application\UnitTest\UnitTest.vcxproj", "{97CA3F16-ECA0-4558-8DD0-7044761320B4}"
EndProject
Project("{8BC9CEB8-8B4A-11D0-8D11-00A0C91BC942}") = "Algorithms", "Engine\Algorithms\Algorithms.vcxproj", "{FE0E1B58-D1E2-4B50-BA6D-D8EB5CDF09F6}"
EndProject
Project("{8BC9CEB8-8B4A-11D0-8D11-00A0C91BC942}") = "DataStructures", "Engine\DataStructures\DataStructures.vcxproj", "{5B2E8A51-AF19-47C2-949D-FAF77761F712}"
EndProject
Global
	GlobalSection(SolutionConfigurationPlatforms) = preSolution
		Debug|x64 = Debug|x64
		Debug|x86 = Debug|x86
		Release|x64 = Release|x64
		Release|x86 = Release|x86
	EndGlobalSection
	GlobalSection(ProjectConfigurationPlatforms) = postSolution
		{05C5A866-7FF4-46A1-85B2-FC5987E5D66D}.Debug|x64.ActiveCfg = Debug|x64
		{05C5A866-7FF4-46A1-85B2-FC5987E5D66D}.Debug|x64.Build.0 = Debug|x64
		{05C5A866-7FF4-46A1-85B2-FC5987E5D66D}.Debug|x86.ActiveCfg = Debug|Win32
		{05C5A866-7FF4-46A1-85B2-FC5987E5D66D}.Debug|x86.Build.0 = Debug|Win32
		{05C5A866-7FF4-46A1-85B2-FC5987E5D66D}.Release|x64.ActiveCfg = Release|x64
		{05C5A866-7FF4-46A1-85B2-FC5987E5D66D}.Release|x64.Build.0 = Release|x64
		{05C5A866-7FF4-46A1-85B2-FC5987E5D66D}.Release|x86.ActiveCfg = Release|Win32
		{05C5A866-7FF4-46A1-85B2-FC5987E5D66D}.Release|x86.Build.0 = Release|Win32
		{97CA3F16-ECA0-4558-8DD0-7044761320B4}.Debug|x64.ActiveCfg = Debug|x64
		{97CA3F16-ECA0-4558-8DD0-7044761320B4}.Debug|x64.Build.0 = Debug|x64
		{97CA3F16-ECA0-4558-8DD0-7044761320B4}.Debug|x86.ActiveCfg = Debug|Win32
		{97CA3F16-ECA0-4558-8DD0-7044761320B4}.Debug|x86.Build.0 = Debug|Win32
		{97CA3F16-ECA0-4558-8DD0-7044761320B4}.Release|x64.ActiveCfg = Release|x64
		{97CA3F16-ECA0-4558-8DD0-7044761320B4}.Release|x64.Build.0 = Release|x64
		{97CA3F16-ECA0-4558-8DD0-7044761320B4}.Release|x86.ActiveCfg = Release|Win32
		{97CA3F16-ECA0-4558-8DD0-7044761320B4}.Release|x86.Build.0 = Release|Win32
		{FE0E1B58-D1E2-4B50-BA6D-D8EB5CDF09F6}.Debug|x64.ActiveCfg = Debug|x64
		{FE0E1B58-D1E2-4B50-BA6D-D8EB5CDF09F6}.Debug|x64.Build.0 = Debug|x64
		{FE0E1B58-D1E2-4B50-BA6D-D8EB5CDF09F6}.Debug|x86.ActiveCfg = Debug|Win32
		{FE0E1B58-D1E2-4B50-BA6D-D8EB5CDF09F6}.Debug|x86.Build.0 = Debug|Win32
		{FE0E1B58-D1E2-4B50-BA6D-D8EB5CDF09F6}.Release|x64.ActiveCfg = Release|x64
		{FE0E1B58-D1E2-4B50-BA6D-D8EB5CDF09F6}.Release|x64.Build.0 = Release|x64
		{FE0E1B58-D1E2-4B50-BA6D-D8EB5CDF09F6}.Release|x86.ActiveCfg = Release|Win32
		{FE0E1B58-D1E2-4B50-BA6D-D8EB5CDF09F6}.Release|x86.Build.0 = Release|Win32
		{5B2E8A51-AF19-47C2-949D-FAF77761F712}.Debug|x64.ActiveCfg = Debug|x64
		{5B2E8A51-AF19-47C2-949D-FAF77761F712}.Debug|x64.Build.0 = Debug|x64
		{5B2E8A51-AF19-47C2-949D-FAF77761F712}.Debug|x86.ActiveCfg = Debug|Win32
		{5B2E8A51-AF19-47C2-949D-FAF77761F712}.Debug|x86.Build.0 = Debug|Win32
		{5B2E8A51-AF19-47C2-949D-FAF77761F712}.Release|x64.ActiveCfg = Release|x64
		{5B2E8A51-AF19-47C2-949D-FAF77761F712}.Release|x64.Build.0 = Release|x64
		{5B2E8A51-AF19-47C2-949D-FAF77761F712}.Release|x86.ActiveCfg = Release|Win32
		{5B2E8A51-AF19-47C2-949D-FAF77761F712}.Release|x86.Build.0 = Release|Win32
	EndGlobalSection
	GlobalSection(SolutionProperties) = preSolution
		HideSolutionNode = FALSE
	EndGlobalSection
	GlobalSection(NestedProjects) = preSolution
		{05C5A866-7FF4-46A1-85B2-FC5987E5D66D} = {BCD18EC3-1C7E-459D-995F-E5AD9B43F216}
		{97CA3F16-ECA0-4558-8DD0-7044761320B4} = {BCD18EC3-1C7E-459D-995F-E5AD9B43F216}
		{FE0E1B58-D1E2-4B50-BA6D-D8EB5CDF09F6} = {55DB55CB-645F-4D53-AD2F-052527AC93EA}
		{5B2E8A51-AF19-47C2-949D-FAF77761F712} = {55DB55CB-645F-4D53-AD2F-052527AC93EA}
	EndGlobalSection
	GlobalSection(ExtensibilityGlobals) = postSolution
		SolutionGuid = {6B84D4E8-F601-4D0D-94AC-0D888D66D377}
	EndGlobalSection
EndGlobal
